# This file is automatically @generated by Cargo.
# It is not intended for manual editing.
version = 3

[[package]]
name = "base64"
version = "0.21.0-rc.1"
source = "registry+https://github.com/rust-lang/crates.io-index"
checksum = "339eb223c8f495cef5b03f1727754538a468edaeba28bab0886ecadca774a3b7"

[[package]]
name = "binder"
version = "0.1.0"
dependencies = [
 "base64",
]
